# This file is generated by running "yarn install" inside your project.
# Manual changes might be lost - proceed with caution!

__metadata:
  version: 8
  cacheKey: 10c0

"@duality-social/duality-social-lib@workspace:.":
  version: 0.0.0-use.local
  resolution: "@duality-social/duality-social-lib@workspace:."
  dependencies:
    mongoose: "npm:^8.5.1"
  languageName: unknown
  linkType: soft

"@mongodb-js/saslprep@npm:^1.1.5":
  version: 1.1.7
  resolution: "@mongodb-js/saslprep@npm:1.1.7"
  dependencies:
    sparse-bitfield: "npm:^3.0.3"
  checksum: 10c0/2c3fa88eaa26be671a3f95866049612bb5a29532e73a685faf2b4a85487a903cecf889e91cc15701ef144483a8ed5b24f54e28155f87fb9d65d0656bb288ad5f
  languageName: node
  linkType: hard

"@types/webidl-conversions@npm:*":
  version: 7.0.0
  resolution: "@types/webidl-conversions@npm:7.0.0"
  checksum: 10c0/65ed31de623b5d5ca0a4fa6c288ac9b9ae059f6530afc1f426022d2c7d9379855b00e6d152553b52063bd23193e5f4892dfe1dd9574f5a638158afbe61e54e51
  languageName: node
  linkType: hard

"@types/whatwg-url@npm:^11.0.2":
  version: 11.0.5
  resolution: "@types/whatwg-url@npm:11.0.5"
  dependencies:
    "@types/webidl-conversions": "npm:*"
  checksum: 10c0/7a9b9252dee98df6db1ad62337daca7f59ae50d7a3406d14ac6b57168d406004359994f3371155e24f3cf12002c4cb8bbb0883bd4cefb9d7ee8e2b510bdd7f5e
  languageName: node
  linkType: hard

"bson@npm:^6.7.0":
  version: 6.8.0
  resolution: "bson@npm:6.8.0"
  checksum: 10c0/0503bb2a4ce2e183bd06151bdb983a623cfde05c76fbb5a34e941c594f3a681b52333d61b37c7933b8733b0ba14607b3599d94b46635d90bb96b1e7cec51aa8f
  languageName: node
  linkType: hard

"debug@npm:4.x":
  version: 4.3.4
  resolution: "debug@npm:4.3.4"
  dependencies:
    ms: "npm:2.1.2"
  peerDependenciesMeta:
    supports-color:
      optional: true
  checksum: 10c0/cedbec45298dd5c501d01b92b119cd3faebe5438c3917ff11ae1bff86a6c722930ac9c8659792824013168ba6db7c4668225d845c633fbdafbbf902a6389f736
  languageName: node
  linkType: hard

"kareem@npm:2.6.3":
  version: 2.6.3
  resolution: "kareem@npm:2.6.3"
  checksum: 10c0/a5a3e2932cf54a300bf1a9936a2d1695f409066ce213ec3cd26bf788ac20d150edde21877a18b073efa219cab56f0192f710d87d95dde0829ff44666d9b15f76
  languageName: node
  linkType: hard

"memory-pager@npm:^1.0.2":
  version: 1.5.0
  resolution: "memory-pager@npm:1.5.0"
  checksum: 10c0/2596e80c99fee24f05bd8a20cde2ee899012c996f4ec361ac76ed6f009f34149d733ac6f76880106ccd6a66d062ad439357578d383d429df66ba1278f68806e9
  languageName: node
  linkType: hard

"mongodb-connection-string-url@npm:^3.0.0":
  version: 3.0.1
  resolution: "mongodb-connection-string-url@npm:3.0.1"
  dependencies:
    "@types/whatwg-url": "npm:^11.0.2"
    whatwg-url: "npm:^13.0.0"
  checksum: 10c0/758f6fddde603cbe584d77f71216fc333bff18b53a8524291bb9924754de39a36af812905f3295b85ae1b20ed0a0155e8176207d34fe229f9d10c672393b7f4f
  languageName: node
  linkType: hard

"mongodb@npm:6.7.0":
  version: 6.7.0
  resolution: "mongodb@npm:6.7.0"
  dependencies:
    "@mongodb-js/saslprep": "npm:^1.1.5"
    bson: "npm:^6.7.0"
    mongodb-connection-string-url: "npm:^3.0.0"
  peerDependencies:
    "@aws-sdk/credential-providers": ^3.188.0
    "@mongodb-js/zstd": ^1.1.0
    gcp-metadata: ^5.2.0
    kerberos: ^2.0.1
    mongodb-client-encryption: ">=6.0.0 <7"
    snappy: ^7.2.2
    socks: ^2.7.1
  peerDependenciesMeta:
    "@aws-sdk/credential-providers":
      optional: true
    "@mongodb-js/zstd":
      optional: true
    gcp-metadata:
      optional: true
    kerberos:
      optional: true
    mongodb-client-encryption:
      optional: true
    snappy:
      optional: true
    socks:
      optional: true
  checksum: 10c0/4a8a3781b6c4851dc211df559ac2b82b62f6c1bcc0dcd14c86264891221c081436d03254cb257d0da696efbba9f426919c0e6a9e14398faac4a93db3c1c8d335
  languageName: node
  linkType: hard

"mongoose@npm:^8.5.1":
  version: 8.5.1
  resolution: "mongoose@npm:8.5.1"
  dependencies:
    bson: "npm:^6.7.0"
    kareem: "npm:2.6.3"
    mongodb: "npm:6.7.0"
    mpath: "npm:0.9.0"
    mquery: "npm:5.0.0"
    ms: "npm:2.1.3"
    sift: "npm:17.1.3"
  checksum: 10c0/1f49b861cf37361bf2dc949dcb52f171c889611cd22c2ecf6cb5369b638b1bca72cd3de283e99b7bde8a0a5689904efa8791071afd6216816f5368db3b0e2e56
  languageName: node
  linkType: hard

"mpath@npm:0.9.0":
  version: 0.9.0
  resolution: "mpath@npm:0.9.0"
  checksum: 10c0/ac1a77ebbd44567f122fb3026c9647836215d5bb75b54064d1f3d998125644fe7a775b89441b94d4d60f43ad9638a12d830a9e29f36116e93b8cdfd111816e8f
  languageName: node
  linkType: hard

"mquery@npm:5.0.0":
  version: 5.0.0
  resolution: "mquery@npm:5.0.0"
  dependencies:
    debug: "npm:4.x"
  checksum: 10c0/65b8a92d3b23d9bd1a3d149c3cbd09468e5e5b95d6cff73c1ed2d0a3dc8dce7daa538862ca2a477bf99bbb2197b049becb73d9664b0f7c3dd5472fcd5cb34bca
  languageName: node
  linkType: hard

"ms@npm:2.1.2":
  version: 2.1.2
  resolution: "ms@npm:2.1.2"
  checksum: 10c0/a437714e2f90dbf881b5191d35a6db792efbca5badf112f87b9e1c712aace4b4b9b742dd6537f3edf90fd6f684de897cec230abde57e87883766712ddda297cc
  languageName: node
  linkType: hard

"ms@npm:2.1.3":
  version: 2.1.3
  resolution: "ms@npm:2.1.3"
  checksum: 10c0/d924b57e7312b3b63ad21fc5b3dc0af5e78d61a1fc7cfb5457edaf26326bf62be5307cc87ffb6862ef1c2b33b0233cdb5d4f01c4c958cc0d660948b65a287a48
  languageName: node
  linkType: hard

"punycode@npm:^2.3.0":
  version: 2.3.1
  resolution: "punycode@npm:2.3.1"
  checksum: 10c0/14f76a8206bc3464f794fb2e3d3cc665ae416c01893ad7a02b23766eb07159144ee612ad67af5e84fa4479ccfe67678c4feb126b0485651b302babf66f04f9e9
  languageName: node
  linkType: hard

"sift@npm:17.1.3":
  version: 17.1.3
  resolution: "sift@npm:17.1.3"
  checksum: 10c0/bb05d1d65cc9b549b402c1366ba1fcf685311808b6d5c2f4fa2f477d7b524218bbf6c99587562d5613d407820a6b5a7cad809f89c3f75c513ff5d8c0e0a0cead
  languageName: node
  linkType: hard

"sparse-bitfield@npm:^3.0.3":
  version: 3.0.3
  resolution: "sparse-bitfield@npm:3.0.3"
  dependencies:
    memory-pager: "npm:^1.0.2"
  checksum: 10c0/248c6ff7b5e354735e1daac4059222a29c9d291dfcf265daf675d13515eeaac454cfcccd687c8d134f86698b39abd7ad4d7434f7272dd6f8e41a00f21aae4194
  languageName: node
  linkType: hard

"tr46@npm:^4.1.1":
  version: 4.1.1
  resolution: "tr46@npm:4.1.1"
  dependencies:
    punycode: "npm:^2.3.0"
  checksum: 10c0/92085dcf186f56a49ba4124a581d9ae6a5d0cd4878107c34e2e670b9ddc49da85e4950084bb3e75015195cc23f37ae1c02d45064e94dd6018f5e789aa51d93a8
  languageName: node
  linkType: hard

"webidl-conversions@npm:^7.0.0":
  version: 7.0.0
  resolution: "webidl-conversions@npm:7.0.0"
  checksum: 10c0/228d8cb6d270c23b0720cb2d95c579202db3aaf8f633b4e9dd94ec2000a04e7e6e43b76a94509cdb30479bd00ae253ab2371a2da9f81446cc313f89a4213a2c4
  languageName: node
  linkType: hard

"whatwg-url@npm:^13.0.0":
  version: 13.0.0
  resolution: "whatwg-url@npm:13.0.0"
  dependencies:
    tr46: "npm:^4.1.1"
    webidl-conversions: "npm:^7.0.0"
  checksum: 10c0/06b0c1808bb80eaab6582087bd8be594a1947843cbb0ce1a90635841a549a5849dff5be2b28f5b1b596ef70ea4c3df5c599d35b160899d12343334149851e688
  languageName: node
  linkType: hard
